// !$*UTF8*$!
{
	archiveVersion = 1;
	classes = {
	};
	objectVersion = 46;
	objects = {

/* Begin PBXBuildFile section */
		20EAD8861A30372400DAB8D2 /* PngMergerGUIMain.cpp in Sources */ = {isa = PBXBuildFile; fileRef = 20EAD8841A30372400DAB8D2 /* PngMergerGUIMain.cpp */; };
		20EAD8891A30373400DAB8D2 /* PngMergerGUIApp.cpp in Sources */ = {isa = PBXBuildFile; fileRef = 20EAD8871A30373400DAB8D2 /* PngMergerGUIApp.cpp */; };
/* End PBXBuildFile section */

/* Begin PBXCopyFilesBuildPhase section */
		20EAD8781A3036B700DAB8D2 /* CopyFiles */ = {
			isa = PBXCopyFilesBuildPhase;
			buildActionMask = 2147483647;
			dstPath = /usr/share/man/man1/;
			dstSubfolderSpec = 0;
			files = (
			);
			runOnlyForDeploymentPostprocessing = 1;
		};
/* End PBXCopyFilesBuildPhase section */

/* Begin PBXFileReference section */
		20EAD87A1A3036B700DAB8D2 /* PngMergerGUI_XcodeProj */ = {isa = PBXFileReference; explicitFileType = "compiled.mach-o.executable"; includeInIndex = 0; path = PngMergerGUI_XcodeProj; sourceTree = BUILT_PRODUCTS_DIR; };
		20EAD8841A30372400DAB8D2 /* PngMergerGUIMain.cpp */ = {isa = PBXFileReference; fileEncoding = 4; lastKnownFileType = sourcecode.cpp.cpp; name = PngMergerGUIMain.cpp; path = ../../PngMergerGUI/PngMergerGUIMain.cpp; sourceTree = "<group>"; };
		20EAD8851A30372400DAB8D2 /* PngMergerGUIMain.h */ = {isa = PBXFileReference; fileEncoding = 4; lastKnownFileType = sourcecode.c.h; name = PngMergerGUIMain.h; path = ../../PngMergerGUI/PngMergerGUIMain.h; sourceTree = "<group>"; };
		20EAD8871A30373400DAB8D2 /* PngMergerGUIApp.cpp */ = {isa = PBXFileReference; fileEncoding = 4; lastKnownFileType = sourcecode.cpp.cpp; name = PngMergerGUIApp.cpp; path = ../../PngMergerGUI/PngMergerGUIApp.cpp; sourceTree = "<group>"; };
		20EAD8881A30373400DAB8D2 /* PngMergerGUIApp.h */ = {isa = PBXFileReference; fileEncoding = 4; lastKnownFileType = sourcecode.c.h; name = PngMergerGUIApp.h; path = ../../PngMergerGUI/PngMergerGUIApp.h; sourceTree = "<group>"; };
		20EAD88C1A30392400DAB8D2 /* pngmerger.ico */ = {isa = PBXFileReference; lastKnownFileType = image.ico; name = pngmerger.ico; path = ../../PngMergerGUI/pngmerger.ico; sourceTree = "<group>"; };
		20EAD88D1A30392400DAB8D2 /* resource.rc */ = {isa = PBXFileReference; fileEncoding = 4; lastKnownFileType = text; name = resource.rc; path = ../../PngMergerGUI/resource.rc; sourceTree = "<group>"; };
/* End PBXFileReference section */

/* Begin PBXFrameworksBuildPhase section */
		20EAD8771A3036B700DAB8D2 /* Frameworks */ = {
			isa = PBXFrameworksBuildPhase;
			buildActionMask = 2147483647;
			files = (
			);
			runOnlyForDeploymentPostprocessing = 0;
		};
/* End PBXFrameworksBuildPhase section */

/* Begin PBXGroup section */
		20EAD8711A3036B700DAB8D2 = {
			isa = PBXGroup;
			children = (
				20EAD87C1A3036B700DAB8D2 /* PngMergerGUI_XcodeProj */,
				20EAD87B1A3036B700DAB8D2 /* Products */,
			);
			sourceTree = "<group>";
		};
		20EAD87B1A3036B700DAB8D2 /* Products */ = {
			isa = PBXGroup;
			children = (
				20EAD87A1A3036B700DAB8D2 /* PngMergerGUI_XcodeProj */,
			);
			name = Products;
			sourceTree = "<group>";
		};
		20EAD87C1A3036B700DAB8D2 /* PngMergerGUI_XcodeProj */ = {
			isa = PBXGroup;
			children = (
				20EAD88B1A30391300DAB8D2 /* resource */,
				20EAD8871A30373400DAB8D2 /* PngMergerGUIApp.cpp */,
				20EAD8881A30373400DAB8D2 /* PngMergerGUIApp.h */,
				20EAD8841A30372400DAB8D2 /* PngMergerGUIMain.cpp */,
				20EAD8851A30372400DAB8D2 /* PngMergerGUIMain.h */,
			);
			path = PngMergerGUI_XcodeProj;
			sourceTree = "<group>";
		};
		20EAD88B1A30391300DAB8D2 /* resource */ = {
			isa = PBXGroup;
			children = (
				20EAD88C1A30392400DAB8D2 /* pngmerger.ico */,
				20EAD88D1A30392400DAB8D2 /* resource.rc */,
			);
			path = resource;
			sourceTree = SOURCE_ROOT;
		};
/* End PBXGroup section */

/* Begin PBXNativeTarget section */
		20EAD8791A3036B700DAB8D2 /* PngMergerGUI_XcodeProj */ = {
			isa = PBXNativeTarget;
			buildConfigurationList = 20EAD8811A3036B700DAB8D2 /* Build configuration list for PBXNativeTarget "PngMergerGUI_XcodeProj" */;
			buildPhases = (
				20EAD8761A3036B700DAB8D2 /* Sources */,
				20EAD8771A3036B700DAB8D2 /* Frameworks */,
				20EAD8781A3036B700DAB8D2 /* CopyFiles */,
			);
			buildRules = (
			);
			dependencies = (
			);
			name = PngMergerGUI_XcodeProj;
			productName = PngMergerGUI_XcodeProj;
			productReference = 20EAD87A1A3036B700DAB8D2 /* PngMergerGUI_XcodeProj */;
			productType = "com.apple.product-type.tool";
		};
/* End PBXNativeTarget section */

/* Begin PBXProject section */
		20EAD8721A3036B700DAB8D2 /* Project object */ = {
			isa = PBXProject;
			attributes = {
				LastUpgradeCheck = 0610;
				ORGANIZATIONNAME = pengyou;
				TargetAttributes = {
					20EAD8791A3036B700DAB8D2 = {
						CreatedOnToolsVersion = 6.1;
					};
				};
			};
			buildConfigurationList = 20EAD8751A3036B700DAB8D2 /* Build configuration list for PBXProject "PngMergerGUI_XcodeProj" */;
			compatibilityVersion = "Xcode 3.2";
			developmentRegion = English;
			hasScannedForEncodings = 0;
			knownRegions = (
				en,
			);
			mainGroup = 20EAD8711A3036B700DAB8D2;
			productRefGroup = 20EAD87B1A3036B700DAB8D2 /* Products */;
			projectDirPath = "";
			projectRoot = "";
			targets = (
				20EAD8791A3036B700DAB8D2 /* PngMergerGUI_XcodeProj */,
			);
		};
/* End PBXProject section */

/* Begin PBXSourcesBuildPhase section */
		20EAD8761A3036B700DAB8D2 /* Sources */ = {
			isa = PBXSourcesBuildPhase;
			buildActionMask = 2147483647;
			files = (
				20EAD8861A30372400DAB8D2 /* PngMergerGUIMain.cpp in Sources */,
				20EAD8891A30373400DAB8D2 /* PngMergerGUIApp.cpp in Sources */,
			);
			runOnlyForDeploymentPostprocessing = 0;
		};
/* End PBXSourcesBuildPhase section */

/* Begin XCBuildConfiguration section */
		20EAD87F1A3036B700DAB8D2 /* Debug */ = {
			isa = XCBuildConfiguration;
			buildSettings = {
				ALWAYS_SEARCH_USER_PATHS = NO;
				CLANG_CXX_LANGUAGE_STANDARD = "gnu++0x";
				CLANG_CXX_LIBRARY = "libc++";
				CLANG_ENABLE_MODULES = YES;
				CLANG_ENABLE_OBJC_ARC = YES;
				CLANG_WARN_BOOL_CONVERSION = YES;
				CLANG_WARN_CONSTANT_CONVERSION = YES;
				CLANG_WARN_DIRECT_OBJC_ISA_USAGE = YES_ERROR;
				CLANG_WARN_EMPTY_BODY = YES;
				CLANG_WARN_ENUM_CONVERSION = YES;
				CLANG_WARN_INT_CONVERSION = YES;
				CLANG_WARN_OBJC_ROOT_CLASS = YES_ERROR;
				CLANG_WARN_UNREACHABLE_CODE = YES;
				CLANG_WARN__DUPLICATE_METHOD_MATCH = YES;
				COPY_PHASE_STRIP = NO;
				ENABLE_STRICT_OBJC_MSGSEND = YES;
				GCC_C_LANGUAGE_STANDARD = gnu99;
				GCC_DYNAMIC_NO_PIC = NO;
				GCC_OPTIMIZATION_LEVEL = 0;
				GCC_PREPROCESSOR_DEFINITIONS = (
					"DEBUG=1",
					"$(inherited)",
				);
				GCC_SYMBOLS_PRIVATE_EXTERN = NO;
				GCC_WARN_64_TO_32_BIT_CONVERSION = YES;
				GCC_WARN_ABOUT_RETURN_TYPE = YES_ERROR;
				GCC_WARN_UNDECLARED_SELECTOR = YES;
				GCC_WARN_UNINITIALIZED_AUTOS = YES_AGGRESSIVE;
				GCC_WARN_UNUSED_FUNCTION = YES;
				GCC_WARN_UNUSED_VARIABLE = YES;
				MACOSX_DEPLOYMENT_TARGET = 10.9;
				MTL_ENABLE_DEBUG_INFO = YES;
				ONLY_ACTIVE_ARCH = YES;
				SDKROOT = macosx;
			};
			name = Debug;
		};
		20EAD8801A3036B700DAB8D2 /* Release */ = {
			isa = XCBuildConfiguration;
			buildSettings = {
				ALWAYS_SEARCH_USER_PATHS = NO;
				CLANG_CXX_LANGUAGE_STANDARD = "gnu++0x";
				CLANG_CXX_LIBRARY = "libc++";
				CLANG_ENABLE_MODULES = YES;
				CLANG_ENABLE_OBJC_ARC = YES;
				CLANG_WARN_BOOL_CONVERSION = YES;
				CLANG_WARN_CONSTANT_CONVERSION = YES;
				CLANG_WARN_DIRECT_OBJC_ISA_USAGE = YES_ERROR;
				CLANG_WARN_EMPTY_BODY = YES;
				CLANG_WARN_ENUM_CONVERSION = YES;
				CLANG_WARN_INT_CONVERSION = YES;
				CLANG_WARN_OBJC_ROOT_CLASS = YES_ERROR;
				CLANG_WARN_UNREACHABLE_CODE = YES;
				CLANG_WARN__DUPLICATE_METHOD_MATCH = YES;
				COPY_PHASE_STRIP = YES;
				DEBUG_INFORMATION_FORMAT = "dwarf-with-dsym";
				ENABLE_NS_ASSERTIONS = NO;
				ENABLE_STRICT_OBJC_MSGSEND = YES;
				GCC_C_LANGUAGE_STANDARD = gnu99;
				GCC_WARN_64_TO_32_BIT_CONVERSION = YES;
				GCC_WARN_ABOUT_RETURN_TYPE = YES_ERROR;
				GCC_WARN_UNDECLARED_SELECTOR = YES;
				GCC_WARN_UNINITIALIZED_AUTOS = YES_AGGRESSIVE;
				GCC_WARN_UNUSED_FUNCTION = YES;
				GCC_WARN_UNUSED_VARIABLE = YES;
				MACOSX_DEPLOYMENT_TARGET = 10.9;
				MTL_ENABLE_DEBUG_INFO = NO;
				SDKROOT = macosx;
			};
			name = Release;
		};
		20EAD8821A3036B700DAB8D2 /* Debug */ = {
			isa = XCBuildConfiguration;
			buildSettings = {
				OTHER_CPLUSPLUSFLAGS = (
					"$(OTHER_CFLAGS)",
					"-I/usr/local/Cellar/wxmac/3.0.2/lib/wx/include/osx_cocoa-unicode-3.0",
					"-I/usr/local/Cellar/wxmac/3.0.2/include/wx-3.0",
					"-D_FILE_OFFSET_BITS=64",
					"-DwxDEBUG_LEVEL=0",
					"-DWXUSINGDLL",
					"-D__WXMAC__",
					"-D__WXOSX__",
					"-D__WXOSX_COCOA__",
				);
				OTHER_LDFLAGS = (
					"-L/usr/local/Cellar/wxmac/3.0.2/lib",
					"-framework",
					IOKit,
					"-framework",
					Carbon,
					"-framework",
					Cocoa,
					"-framework",
					AudioToolbox,
					"-framework",
					System,
					"-framework",
					OpenGL,
					"-lwx_osx_cocoau_xrc-3.0",
					"-lwx_osx_cocoau_webview-3.0",
					"-lwx_osx_cocoau_html-3.0",
					"-lwx_osx_cocoau_qa-3.0",
					"-lwx_osx_cocoau_adv-3.0",
					"-lwx_osx_cocoau_core-3.0",
					"-lwx_baseu_xml-3.0",
					"-lwx_baseu_net-3.0",
					"-lwx_baseu-3.0",
				);
				PRODUCT_NAME = "$(TARGET_NAME)";
			};
			name = Debug;
		};
		20EAD8831A3036B700DAB8D2 /* Release */ = {
			isa = XCBuildConfiguration;
			buildSettings = {
				OTHER_CPLUSPLUSFLAGS = (
					"$(OTHER_CFLAGS)",
					"-I/usr/local/Cellar/wxmac/3.0.2/lib/wx/include/osx_cocoa-unicode-3.0",
					"-I/usr/local/Cellar/wxmac/3.0.2/include/wx-3.0",
					"-D_FILE_OFFSET_BITS=64",
					"-DwxDEBUG_LEVEL=0",
					"-DWXUSINGDLL",
					"-D__WXMAC__",
					"-D__WXOSX__",
					"-D__WXOSX_COCOA__",
				);
				OTHER_LDFLAGS = (
					"-L/usr/local/Cellar/wxmac/3.0.2/lib",
					"-framework",
					IOKit,
					"-framework",
					Carbon,
					"-framework",
					Cocoa,
					"-framework",
					AudioToolbox,
					"-framework",
					System,
					"-framework",
					OpenGL,
					"-lwx_osx_cocoau_xrc-3.0",
					"-lwx_osx_cocoau_webview-3.0",
					"-lwx_osx_cocoau_html-3.0",
					"-lwx_osx_cocoau_qa-3.0",
					"-lwx_osx_cocoau_adv-3.0",
					"-lwx_osx_cocoau_core-3.0",
					"-lwx_baseu_xml-3.0",
					"-lwx_baseu_net-3.0",
					"-lwx_baseu-3.0",
				);
				PRODUCT_NAME = "$(TARGET_NAME)";
			};
			name = Release;
		};
/* End XCBuildConfiguration section */

/* Begin XCConfigurationList section */
		20EAD8751A3036B700DAB8D2 /* Build configuration list for PBXProject "PngMergerGUI_XcodeProj" */ = {
			isa = XCConfigurationList;
			buildConfigurations = (
				20EAD87F1A3036B700DAB8D2 /* Debug */,
				20EAD8801A3036B700DAB8D2 /* Release */,
			);
			defaultConfigurationIsVisible = 0;
			defaultConfigurationName = Release;
		};
		20EAD8811A3036B700DAB8D2 /* Build configuration list for PBXNativeTarget "PngMergerGUI_XcodeProj" */ = {
			isa = XCConfigurationList;
			buildConfigurations = (
				20EAD8821A3036B700DAB8D2 /* Debug */,
				20EAD8831A3036B700DAB8D2 /* Release */,
			);
			defaultConfigurationIsVisible = 0;
		};
/* End XCConfigurationList section */
	};
	rootObject = 20EAD8721A3036B700DAB8D2 /* Project object */;
}
